
Microsoft Visual Studio Solution File, Format Version 12.00
# Visual Studio Version 17
VisualStudioVersion = 17.1.32407.343
MinimumVisualStudioVersion = 10.0.40219.1
Project("{9A19103F-16F7-4668-BE54-9A1E7A4F7556}") = "WeaponEnchantments", "WeaponEnchantments.csproj", "{94AF4785-EDDA-4543-B26A-8ABDA402F102}"
	ProjectSection(ProjectDependencies) = postProject
		{32468F77-5FE6-4831-92FF-29B3BD5B5ABB} = {32468F77-5FE6-4831-92FF-29B3BD5B5ABB}
		{D16E3C1B-2317-4F0D-9572-2FE16AD0BBB7} = {D16E3C1B-2317-4F0D-9572-2FE16AD0BBB7}
	EndProjectSection
EndProject
Project("{9A19103F-16F7-4668-BE54-9A1E7A4F7556}") = "androLib", "..\androLib\androLib.csproj", "{D16E3C1B-2317-4F0D-9572-2FE16AD0BBB7}"
EndProject
Project("{9A19103F-16F7-4668-BE54-9A1E7A4F7556}") = "VacuumOreBag", "..\VacuumOreBag\VacuumOreBag.csproj", "{32468F77-5FE6-4831-92FF-29B3BD5B5ABB}"
	ProjectSection(ProjectDependencies) = postProject
		{D16E3C1B-2317-4F0D-9572-2FE16AD0BBB7} = {D16E3C1B-2317-4F0D-9572-2FE16AD0BBB7}
	EndProjectSection
EndProject
Project("{9A19103F-16F7-4668-BE54-9A1E7A4F7556}") = "VacuumBags", "..\VacuumBags\VacuumBags.csproj", "{97A50E20-0FC0-4FA8-AA42-6A6BC373C894}"
	ProjectSection(ProjectDependencies) = postProject
		{32468F77-5FE6-4831-92FF-29B3BD5B5ABB} = {32468F77-5FE6-4831-92FF-29B3BD5B5ABB}
		{D16E3C1B-2317-4F0D-9572-2FE16AD0BBB7} = {D16E3C1B-2317-4F0D-9572-2FE16AD0BBB7}
	EndProjectSection
EndProject
Global
	GlobalSection(SolutionConfigurationPlatforms) = preSolution
		Debug|Any CPU = Debug|Any CPU
		Release|Any CPU = Release|Any CPU
	EndGlobalSection
	GlobalSection(ProjectConfigurationPlatforms) = postSolution
		{94AF4785-EDDA-4543-B26A-8ABDA402F102}.Debug|Any CPU.ActiveCfg = Debug|Any CPU
		{94AF4785-EDDA-4543-B26A-8ABDA402F102}.Debug|Any CPU.Build.0 = Debug|Any CPU
		{94AF4785-EDDA-4543-B26A-8ABDA402F102}.Release|Any CPU.ActiveCfg = Release|Any CPU
		{94AF4785-EDDA-4543-B26A-8ABDA402F102}.Release|Any CPU.Build.0 = Release|Any CPU
		{D16E3C1B-2317-4F0D-9572-2FE16AD0BBB7}.Debug|Any CPU.ActiveCfg = Debug|Any CPU
		{D16E3C1B-2317-4F0D-9572-2FE16AD0BBB7}.Debug|Any CPU.Build.0 = Debug|Any CPU
		{D16E3C1B-2317-4F0D-9572-2FE16AD0BBB7}.Release|Any CPU.ActiveCfg = Release|Any CPU
		{D16E3C1B-2317-4F0D-9572-2FE16AD0BBB7}.Release|Any CPU.Build.0 = Release|Any CPU
		{32468F77-5FE6-4831-92FF-29B3BD5B5ABB}.Debug|Any CPU.ActiveCfg = Debug|Any CPU
		{32468F77-5FE6-4831-92FF-29B3BD5B5ABB}.Debug|Any CPU.Build.0 = Debug|Any CPU
		{32468F77-5FE6-4831-92FF-29B3BD5B5ABB}.Release|Any CPU.ActiveCfg = Release|Any CPU
		{32468F77-5FE6-4831-92FF-29B3BD5B5ABB}.Release|Any CPU.Build.0 = Release|Any CPU
		{97A50E20-0FC0-4FA8-AA42-6A6BC373C894}.Debug|Any CPU.ActiveCfg = Debug|Any CPU
		{97A50E20-0FC0-4FA8-AA42-6A6BC373C894}.Debug|Any CPU.Build.0 = Debug|Any CPU
		{97A50E20-0FC0-4FA8-AA42-6A6BC373C894}.Release|Any CPU.ActiveCfg = Release|Any CPU
		{97A50E20-0FC0-4FA8-AA42-6A6BC373C894}.Release|Any CPU.Build.0 = Release|Any CPU
	EndGlobalSection
	GlobalSection(SolutionProperties) = preSolution
		HideSolutionNode = FALSE
	EndGlobalSection
	GlobalSection(ExtensibilityGlobals) = postSolution
		SolutionGuid = {549FD949-F0D3-4831-AAC8-26DFE54E8D68}
	EndGlobalSection
EndGlobal
